
Microsoft Visual Studio Solution File, Format Version 12.00
# Visual Studio Version 17
VisualStudioVersion = 17.5.33530.505
MinimumVisualStudioVersion = 10.0.40219.1
Project("{FAE04EC0-301F-11D3-BF4B-00C04F79EFBC}") = "PatrolHeliCantFlare", "PatrolHeliCantFlare.csproj", "{505F883E-3EF5-4E46-975C-6F50D5C27840}"
EndProject
Global
	GlobalSection(SolutionConfigurationPlatforms) = preSolution
		Debug|Any CPU = Debug|Any CPU
		Release|Any CPU = Release|Any CPU
	EndGlobalSection
	GlobalSection(ProjectConfigurationPlatforms) = postSolution
		{505F883E-3EF5-4E46-975C-6F50D5C27840}.Debug|Any CPU.ActiveCfg = Debug|Any CPU
		{505F883E-3EF5-4E46-975C-6F50D5C27840}.Debug|Any CPU.Build.0 = Debug|Any CPU
		{505F883E-3EF5-4E46-975C-6F50D5C27840}.Release|Any CPU.ActiveCfg = Release|Any CPU
		{505F883E-3EF5-4E46-975C-6F50D5C27840}.Release|Any CPU.Build.0 = Release|Any CPU
	EndGlobalSection
	GlobalSection(SolutionProperties) = preSolution
		HideSolutionNode = FALSE
	EndGlobalSection
	GlobalSection(ExtensibilityGlobals) = postSolution
		SolutionGuid = {E207D2D9-9C83-402E-BD42-EB8D9B240C27}
	EndGlobalSection
EndGlobal
